annotated-types==0.7.0 \
    --hash=sha256:1f02e8b43a8fbbc3f3e0d4f0f4bfc8131bcb4eebe8849b8e5c773f3a1c582a53 \
    --hash=sha256:aff07c09a53a08bc8cfccb9c85b05f1aa9a2a6f23728d790723543408344ce89
anyio==4.14.1 \
    --hash=sha256:4e5533c5b8ff0a24f5d7a176cbe6877129cd183893f66b537f8f227d10527d72 \
    --hash=sha256:8d648a3544c1a700e3ff78615cd679e4c5c3f149904287e73687b2596963629e
apache-skywalking==1.2.0 \
    --hash=sha256:0b436c15a8b56fe6a91035ad62342c1c95dc32857051d5f2997896f9c0bc670f \
    --hash=sha256:57f55cbb5c0923a4a9c4fd2864c5c263c7f97af8ef81165d5bdc5c9476e8a98d
certifi==2026.6.17 \
    --hash=sha256:024c88eeec92ca068db80f02b8b07c9cef7b9fe261d1d535abfd5abd6f6af432 \
    --hash=sha256:2227dcbaafe0d2f59279d1762ddddc37783ed4354594f194ffc31d20f41fc3db
click==8.4.2 \
    --hash=sha256:9a6cea6e60b17ebe0a44c5cc636d94f09bd66142c1cd7d8b4cd731c4917a15f6 \
    --hash=sha256:e6f9f66136c816745b9d65817da91d61d957fb16e02e4dcd0552553c5a197b76
colorama==0.4.6 ; sys_platform == 'win32' \
    --hash=sha256:08695f5cb7ed6e0531a20572697297273c47b8cae5a63ffc6d6ed5c201be6e44 \
    --hash=sha256:4f1d9991f5acc0ca119f9d443620b77f9d6b33703e51011c16baf57afb285fc6
fastapi==0.115.8 \
    --hash=sha256:0ce9111231720190473e222cdf0f07f7206ad7e53ea02beb1d2dc36e2f0741e9 \
    --hash=sha256:753a96dd7e036b34eeef8babdfcfe3f28ff79648f86551eb36bfc1b0bf4a8cbf
greenlet==3.5.3 ; platform_machine == 'AMD64' or platform_machine == 'WIN32' or platform_machine == 'aarch64' or platform_machine == 'amd64' or platform_machine == 'ppc64le' or platform_machine == 'win32' or platform_machine == 'x86_64' \
    --hash=sha256:0f41e4a05a3c0cb31b17023eff28dd111e1d16bf7d7d00406cd7df23f31398a7 \
    --hash=sha256:0f71be4920368fe1fabeeaa53d1e3548337e2b223d9565f8ad5e392a75ba23fc \
    --hash=sha256:1c514a468149bf8fbbab874188a3535cd8a48a3e353eb53a3d424296f8dbacd3 \
    --hash=sha256:215275b1b49320987352e6c1b054acca0064f965a2c66992bed9a6f7d913f149 \
    --hash=sha256:2ecda9ec22edf38fa389369eaed8c3d37c05f3c54e69f69438dbb2cc1de1458b \
    --hash=sha256:4d77e67f65f98449e3fb83f795b5d0a8437aead2f874ca89c96576caf4be3af6 \
    --hash=sha256:5121af01cf911e70056c00d4b46d5e9b5d1415550038573d744138bacb59e6b8 \
    --hash=sha256:6b1b0eed82364b0e32c4ea0f221452d33e6bb17ae094d9f72aed9851812747ea \
    --hash=sha256:719757059f5a53fd0dde23f78cffeafcdd97b21c850ddb7ca684a3c1a1f122e2 \
    --hash=sha256:766cfd421c13e450feb340cd472a3ed9957d438727b7b4593ad7c76c5d2b0deb \
    --hash=sha256:7ef56fe650f50575bf843acde967b9c567687f3c22340941a899b7bc56e956a8 \
    --hash=sha256:7faba15ac005376e02a0384504e0243be3370ce010296a44a820feb342b505ab \
    --hash=sha256:8540f1e6205bd13ca0ce685581037219ca54a1b41a0a15d228c6c9b8ad5903d7 \
    --hash=sha256:87142215824be6ac05e2e8e2786eec307ccbc27c36723c3881959df654af6861 \
    --hash=sha256:915f887cf2682b66419b879423a2e072634aa7b7dce6f3ada4957cfced3f1e9a \
    --hash=sha256:a2d185dd1621757e70c3861cceffd5317ab4e7ed7eb09c82994828468527ade5 \
    --hash=sha256:a61efc018fd3eb317eeca31aba90ee9e7f26f22884a79b6c6ec715bf71bb62f1 \
    --hash=sha256:aca9b4ce85b152b5524ef7d88170efdff80dc0032aa8b75f9aaf7f3479ea95b4 \
    --hash=sha256:c4e7b79d83805475f0102008843f6eb45fd3bb0b2e88c774adab5fbaab27117d \
    --hash=sha256:c82304750f057167ff60d188df1d0cc1764ce9567eadf03e6a7443bcedd0b30b \
    --hash=sha256:c8d87c2134d871df96ecdea9cec7cbaab286dadab0f56476e57aaf9e8ac11550 \
    --hash=sha256:cde8adafa2365676f74a979744629589999093bc86e2484214f58e61df08902c \
    --hash=sha256:dc133a1569ee667b2a6ef56ce551084aeefd87a5acbc4736d336d1e2edc6cfc4 \
    --hash=sha256:ec6f1af59f6b5f3fc9678e2ea062d8377d22ac644f7844cb7a292910cf12ff44 \
    --hash=sha256:efa9f765dd09f9d0cdac651ffdf631ee59ec5dc6ee7a73e0c012ba9c52fbdf5b
grpcio==1.81.1 \
    --hash=sha256:0a37165cc80b1a368384b383e63a4c38116a10467ae44c904d2d7468c4470ec2 \
    --hash=sha256:12b7524c88d4026d3dcb7b0ebe16b6714f3b4af402ddd0f0639ab064a00c87c3 \
    --hash=sha256:1b22c80559854b789a01fd89e8929b3798a156c0829b5282a8939f33ad4115ad \
    --hash=sha256:1e123f9b37edb8375fd74130d1f69c944bbf0a7b06761ae7211154b8759e94d2 \
    --hash=sha256:2c2e2ae6867c2966b8daccc836d54a13218e0007e9a490aeb81dd05be64d22d7 \
    --hash=sha256:30e825f6848d9f18bba350ed6c75c1b02a0b5184474a31db9a32b1fa66fd8c79 \
    --hash=sha256:3ad74f8bb1a18963914c5452d289422830b39459e8776ebbcd207be1fbfb1d94 \
    --hash=sha256:428bec0161b48d8cf583c068591bc0016d0d9cfff52462b72b3884861ea768c5 \
    --hash=sha256:58ad1131c300d3c9b933802b3cc4dc69d380822935ba50b28703156ea826fbf7 \
    --hash=sha256:6282caffb41ec326d4cb67ca9cf53b739d1b2f975a2acb498c7418e9f7d9a416 \
    --hash=sha256:6fa10a767143a5e82e8eaab53918af0cd8909a57a27f8cb2288b80a613ac671b \
    --hash=sha256:766bc7c9a9c340342f4c864ccbda8e78111e4751f13b895812b9c148fb79e9d0 \
    --hash=sha256:78e29211f26da2fdd0e9c6d2b79f489476140cf7029b6a64808ade7ca4156a42 \
    --hash=sha256:819edbdcb42ab8598b494bcf0222684bbb7a3c772bd1b1f0be7e029a6063c28e \
    --hash=sha256:85b10a45b8993d195c4f3ff57025b8d1e11834909ee475c403bfa60cb4caefaf \
    --hash=sha256:8b39472beafc0bdcafc4c8c73ad082ebfdb449d566897a61e7acb4fa88089115 \
    --hash=sha256:8ea1936c26b99999b27479853039a7f34713f56c49375ad52b38535ec93a796c \
    --hash=sha256:98a07f9bf591e3a8919797bee1c53f026ba4acd587e5a4404c8e57c9ec36b2a5 \
    --hash=sha256:a185a04039df6cae8648bc8ab6d6fde7bf94f7188ecf7828e76ac52eef1e41d6 \
    --hash=sha256:a35009284d0d3d5c2c9601c164a911b8b4331608d98a9a66d47d97bb2f522b70 \
    --hash=sha256:a3acb384427816dd5d470f47e62137b87f74da694faa8a50147012cf40df276a \
    --hash=sha256:b10e1ff4756ed27d5a29d7fc79cfce7ef1ff56ad20025b89bac7cf79e09abbbe \
    --hash=sha256:b137f4bf3ada9dc44d411478decc6ff09a79ed30b306cd2abaa98408c3588137 \
    --hash=sha256:b259a04a737cb3496be0901328eb8b7552ed8df4865d8c8f1cf1bffcfc0776a3 \
    --hash=sha256:c261d74b1a945cf895a9d6eccd1685a8e837531beaab782da4d630a8d12deffb \
    --hash=sha256:c5bf2dc311127d91230cc79b92188c082634a06cf66c5234db49a43b910183b0 \
    --hash=sha256:d71d30f2d92f67d944631c523713934fee37292469e182ebcd2c1dd8a64ce53f \
    --hash=sha256:e64dd101d380a115cc5a0c7856788adb535f1a4e21fc543775602f8be95180ae \
    --hash=sha256:e8ca6a1fcdb2943c9cbc1804a1baf3acb6071d72a471591678ded84218006e14 \
    --hash=sha256:edb59506291b647a30884b1d51a599d605f40b20af4a7dc3d33786a47a31de60 \
    --hash=sha256:f9a0ebbe45c29b5e5866593c12b78bd9035f0f0f0d4bc8361680cd580d99db49
grpcio-tools==1.81.1 \
    --hash=sha256:0265fd1386b7458302f79542558345880d484f8fa92ae196c0c0268242c5f23a \
    --hash=sha256:136e90906af0df51ad929713244ba812d0dbb1844b4f467d5d86bdb054698f90 \
    --hash=sha256:1680b35a84f4694401819ac4acac42dda6dbc7bb8fc74112fd1a60425a07adf4 \
    --hash=sha256:1d602b410b2b2addc434cace9ce4fe2035974a3078228f98ffa049a5c90acc2f \
    --hash=sha256:204de03b539a4b08772c6553b92bcc112cbc965e0ac22f909f6d133b8ac33a8c \
    --hash=sha256:2baa7e735f35b2a648144c03348a126097b13e101d3c242d5edb6ac91437ccbe \
    --hash=sha256:2c306c307f8f74cddc4056fdbb6f1da55de087a21120efbd02bd915daa5a52fd \
    --hash=sha256:3389e705460efa3f3758141ba5520e6743b131c9576197c944fb9cbe49048126 \
    --hash=sha256:353b1fafcc739c31ed42271052709595b340d34f27c459beeb78a32938305bb5 \
    --hash=sha256:3d604b4fd114b79ebb9f865bf3e04fd3ae93c704e1fad96f7fd03b0865c263b7 \
    --hash=sha256:43baf71dc60fd653062da2e95e95c73b35dd130be8f9fa3d544c3af3f808a290 \
    --hash=sha256:53ef76cc3b0493ff734a5e8c39d5b519e1822236fcccdfe7677c5e1efd767761 \
    --hash=sha256:690e6dcaa8b8a7886ce206ba344e2127211597e1a1ddab73df9f3d80c8f6707e \
    --hash=sha256:724ecb69af63d2f6d4ccea3e6fa0ca110ed9c5824d48c2f887c631bbb03c1c3c \
    --hash=sha256:768f584c2423cbeb6cb6867817a39365b987ff16b8259a3adbc6546b9e303a4e \
    --hash=sha256:7f208c207aca639dcb34648d3826c38d7cf3485118fb2065117e9fc4827406b3 \
    --hash=sha256:8161f398f957a376cae7385ea7c8684f439d460ef702b528912da3bcb31fc515 \
    --hash=sha256:87b25ca0e27373a4a32a629a4ba976f5764b9887dd50d6fe017d38009a0363e8 \
    --hash=sha256:895a6782cec86beac71ccebb4b9848259c6f04a3028b8e42fa8d40cfe5146593 \
    --hash=sha256:8a17d8ceeb6a855fadf39f5171c80a382d97c4db98d5943eca553497fdebf84b \
    --hash=sha256:9d383724bcd67244b6def9e9164c640ee9380c0b7534ee7545a6fb0022a59afe \
    --hash=sha256:a22a3870180927fdd84e2b27d079ef5b7f5f8c6110181b6736afc17a463481f1 \
    --hash=sha256:ad7a997c07bd345e84842e60561e7e2cc090ce6c4e1d2f0407e31b85b40fc49a \
    --hash=sha256:b6bd163ece4535726e5292b845ed80ae9b2cae73ba091c7d6c66033c430e3857 \
    --hash=sha256:b7b6d1e986d5923751bfe2b5cca9c4cb3d5653446e4fa4aacd438033e2dc360a \
    --hash=sha256:ba8f1ae82ad199f43448995715445cc623fb20d3882382e4be61f0da8ccb3f0e \
    --hash=sha256:bd6c3bf3ea6a61eb58c54368d72ada591f2a270f3a31a32e8536e773337e76d9 \
    --hash=sha256:bdbdc927be2e0ea13c32564a72ee31d712a716fb6f8c0d53d37a77d8277c272c \
    --hash=sha256:f3eb15849979ca7bb864ce81a74d68b0f225a7f111ed3fe212bfc08cf9812b10 \
    --hash=sha256:f64e665c8ec639278ecf009beb92cbdcc5994f617c1af3d58036e1f70b1423ec \
    --hash=sha256:f8cb64f87c45ccca8234fa47e6b21f09e43801ff11b556deecb461b3b3e9f292
h11==0.16.0 \
    --hash=sha256:4e35b956cf45792e4caa5885e69fba00bdbc6ffafbfa020300e549b208ee5ff1 \
    --hash=sha256:63cf8bbe7522de3bf65932fda1d9c2772064ffb3dae62d55932da54b31cb6c86
httpcore==1.0.9 \
    --hash=sha256:2d400746a40668fc9dec9810239072b40b4484b640a8c38fd654a024c7a1bf55 \
    --hash=sha256:6e34463af53fd2ab5d807f399a9b45ea31c3dfa2276f15a2c3f00afff6e176e8
httpx==0.28.1 \
    --hash=sha256:75e98c5f16b0f35b567856f597f06ff2270a374470a5c2392242528e3e3e42fc \
    --hash=sha256:d909fcccc110f8c7faf814ca82a9a4d816bc5a6dbfea25d6591d6985b8ba59ad
idna==3.18 \
    --hash=sha256:7f952cbe720b688055e3f87de14f5c3e5fdaa8bc3928985c4077ca689de849a2 \
    --hash=sha256:ffb385a7e039654cef1ab9ef32c6fafe283c0c0467bba1d9029738ce4a14a848
packaging==26.2 \
    --hash=sha256:5fc45236b9446107ff2415ce77c807cee2862cb6fac22b8a73826d0693b0980e \
    --hash=sha256:ff452ff5a3e828ce110190feff1178bb1f2ea2281fa2075aadb987c2fb221661
protobuf==6.33.6 \
    --hash=sha256:0cd27b587afca21b7cfa59a74dcbd48a50f0a6400cfb59391340ad729d91d326 \
    --hash=sha256:77179e006c476e69bf8e8ce866640091ec42e1beb80b213c3900006ecfba6901 \
    --hash=sha256:7d29d9b65f8afef196f8334e80d6bc1d5d4adedb449971fefd3723824e6e77d3 \
    --hash=sha256:9720e6961b251bde64edfdab7d500725a2af5280f3f4c87e57c0208376aa8c3a \
    --hash=sha256:a6768d25248312c297558af96a9f9c929e8c4cee0659cb07e780731095f38135 \
    --hash=sha256:c96c37eec15086b79762ed265d59ab204dabc53056e3443e702d2681f4b39ce3 \
    --hash=sha256:e2afbae9b8e1825e3529f88d514754e094278bb95eadc0e199751cdd9a2e82a2 \
    --hash=sha256:e9db7e292e0ab79dd108d7f1a94fe31601ce1ee3f7b79e0692043423020b0593
psutil==5.9.5 \
    --hash=sha256:104a5cc0e31baa2bcf67900be36acde157756b9c44017b86b2c049f11957887d \
    --hash=sha256:3c6f686f4225553615612f6d9bc21f1c0e305f75d7d8454f9b46e901778e7217 \
    --hash=sha256:5410638e4df39c54d957fc51ce03048acd8e6d60abc0f5107af51e5fb566eb3c \
    --hash=sha256:7a7dd9997128a0d928ed4fb2c2d57e5102bb6089027939f3b722f3a210f9a8da \
    --hash=sha256:89518112647f1276b03ca97b65cc7f64ca587b1eb0278383017c2a0dcc26cbe4 \
    --hash=sha256:b258c0c1c9d145a1d5ceffab1134441c4c5113b2417fafff7315a917a026c3c9 \
    --hash=sha256:c607bb3b57dc779d55e1554846352b4e358c10fff3abf3514a7a6601beebdb30
pydantic==2.10.6 \
    --hash=sha256:427d664bf0b8a2b34ff5dd0f5a18df00591adcee7198fbd71981054cef37b584 \
    --hash=sha256:ca5daa827cce33de7a42be142548b0096bf05a7e7b365aebfa5f8eeec7128236
pydantic-core==2.27.2 \
    --hash=sha256:05e3a55d124407fffba0dd6b0c0cd056d10e983ceb4e5dbd10dda135c31071d6 \
    --hash=sha256:08e125dbdc505fa69ca7d9c499639ab6407cfa909214d500897d02afb816e7cc \
    --hash=sha256:172fce187655fece0c90d90a678424b013f8fbb0ca8b036ac266749c09438cb7 \
    --hash=sha256:18a101c168e4e092ab40dbc2503bdc0f62010e95d292b27827871dc85450d7ee \
    --hash=sha256:1a4207639fb02ec2dbb76227d7c751a20b1a6b4bc52850568e52260cae64ca3b \
    --hash=sha256:1c1fd185014191700554795c99b347d64f2bb637966c4cfc16998a0ca700d048 \
    --hash=sha256:1e2cb691ed9834cd6a8be61228471d0a503731abfb42f82458ff27be7b2186fc \
    --hash=sha256:1ebaf1d0481914d004a573394f4be3a7616334be70261007e47c2a6fe7e50130 \
    --hash=sha256:220f892729375e2d736b97d0e51466252ad84c51857d4d15f5e9692f9ef12be4 \
    --hash=sha256:26f0d68d4b235a2bae0c3fc585c585b4ecc51382db0e3ba402a22cbc440915e4 \
    --hash=sha256:26f32e0adf166a84d0cb63be85c562ca8a6fa8de28e5f0d92250c6b7e9e2aff7 \
    --hash=sha256:28ccb213807e037460326424ceb8b5245acb88f32f3d2777427476e1b32c48c4 \
    --hash=sha256:30c5f68ded0c36466acede341551106821043e9afaad516adfb6e8fa80a4e6a6 \
    --hash=sha256:3911ac9284cd8a1792d3cb26a2da18f3ca26c6908cc434a18f730dc0db7bfa3b \
    --hash=sha256:3de3ce3c9ddc8bbd88f6e0e304dea0e66d843ec9de1b0042b0911c1663ffd474 \
    --hash=sha256:40d02e7d45c9f8af700f3452f329ead92da4c5f4317ca9b896de7ce7199ea459 \
    --hash=sha256:519f29f5213271eeeeb3093f662ba2fd512b91c5f188f3bb7b27bc5973816934 \
    --hash=sha256:5e68c4446fe0810e959cdff46ab0a41ce2f2c86d227d96dc3847af0ba7def306 \
    --hash=sha256:6fb4aadc0b9a0c063206846d603b92030eb6f03069151a625667f982887153e2 \
    --hash=sha256:71b24c7d61131bb83df10cc7e687433609963a944ccf45190cfc21e0887b08c9 \
    --hash=sha256:7a66efda2387de898c8f38c0cf7f14fca0b51a8ef0b24bfea5849f1b3c95af27 \
    --hash=sha256:7d14bd329640e63852364c306f4d23eb744e0f8193148d4044dd3dacdaacbd8b \
    --hash=sha256:82f91663004eb8ed30ff478d77c4d1179b3563df6cdb15c0817cd1cdaf34d154 \
    --hash=sha256:83097677b8e3bd7eaa6775720ec8e0405f1575015a463285a92bfdfe254529ef \
    --hash=sha256:8c19d1ea0673cd13cc2f872f6c9ab42acc4e4f492a7ca9d3795ce2b112dd7e15 \
    --hash=sha256:8d9b3388db186ba0c099a6d20f0604a44eabdeef1777ddd94786cdae158729e4 \
    --hash=sha256:8e10c99ef58cfdf2a66fc15d66b16c4a04f62bca39db589ae8cba08bc55331bc \
    --hash=sha256:953101387ecf2f5652883208769a79e48db18c6df442568a0b5ccd8c2723abee \
    --hash=sha256:9c3ed807c7b91de05e63930188f19e921d1fe90de6b4f5cd43ee7fcc3525cb8c \
    --hash=sha256:9e0c8cfefa0ef83b4da9588448b6d8d2a2bf1a53c3f1ae5fca39eb3061e2f0b0 \
    --hash=sha256:a0fcd29cd6b4e74fe8ddd2c90330fd8edf2e30cb52acda47f06dd615ae72da57 \
    --hash=sha256:ac4dbfd1691affb8f48c2c13241a2e3b60ff23247cbcf981759c768b6633cf8b \
    --hash=sha256:ba5dd002f88b78a4215ed2f8ddbdf85e8513382820ba15ad5ad8955ce0ca19a1 \
    --hash=sha256:bd8086fa684c4775c27f03f062cbb9eaa6e17f064307e86b21b9e0abc9c0f02e \
    --hash=sha256:c70c26d2c99f78b125a3459f8afe1aed4d9687c24fd677c6a4436bc042e50d6c \
    --hash=sha256:cc3f1a99a4f4f9dd1de4fe0312c114e740b5ddead65bb4102884b384c15d8bc9 \
    --hash=sha256:ce8918cbebc8da707ba805b7fd0b382816858728ae7fe19a942080c24e5b7cd1 \
    --hash=sha256:d81d2068e1c1228a565af076598f9e7451712700b673de8f502f0334f281387d \
    --hash=sha256:d9640b0059ff4f14d1f37321b94061c6db164fbe49b334b31643e0528d100d99 \
    --hash=sha256:de3cd1899e2c279b140adde9357c4495ed9d47131b4a4eaff9052f23398076b3 \
    --hash=sha256:eb026e5a4c1fee05726072337ff51d1efb6f59090b7da90d30ea58625b1ffb39 \
    --hash=sha256:eda3f5c2a021bbc5d976107bb302e0131351c2ba54343f8a496dc8783d3d3a6a \
    --hash=sha256:fa8e459d4954f608fa26116118bb67f56b93b209c39b008277ace29937453dc9
pymysql==1.1.1 \
    --hash=sha256:4de15da4c61dc132f4fb9ab763063e693d521a80fd0e87943b9a453dd4c19d6c \
    --hash=sha256:e127611aaf2b417403c60bf4dc570124aeb4a57f5f37b8e95ae399a42f904cd0
setuptools==82.0.1 \
    --hash=sha256:7d872682c5d01cfde07da7bccc7b65469d3dca203318515ada1de5eda35efbf9 \
    --hash=sha256:a59e362652f08dcd477c78bb6e7bd9d80a7995bc73ce773050228a348ce2e5bb
sqlalchemy==2.0.38 \
    --hash=sha256:1052723e6cd95312f6a6eff9a279fd41bbae67633415373fdac3c430eca3425d \
    --hash=sha256:12d5b06a1f3aeccf295a5843c86835033797fea292c60e72b07bcb5d820e6dd3 \
    --hash=sha256:2a0ef3f98175d77180ffdc623d38e9f1736e8d86b6ba70bff182a7e68bed7727 \
    --hash=sha256:40e9cdbd18c1f84631312b64993f7d755d85a3930252f6276a77432a2b25a2f3 \
    --hash=sha256:5dba1cdb8f319084f5b00d41207b2079822aa8d6a4667c0f369fce85e34b0c86 \
    --hash=sha256:63178c675d4c80def39f1febd625a6333f44c0ba269edd8a468b156394b27753 \
    --hash=sha256:8455aa60da49cb112df62b4721bd8ad3654a3a02b9452c783e651637a1f21fa2 \
    --hash=sha256:8b0ac78898c50e2574e9f938d2e5caa8fe187d7a5b69b65faa1ea4648925b096 \
    --hash=sha256:9c8bcad7fc12f0cc5896d8e10fdf703c45bd487294a986903fe032c72201596b \
    --hash=sha256:9eb4fa13c8c7a2404b6a8e3772c17a55b1ba18bc711e25e4d6c0c9f5f541b02a \
    --hash=sha256:a5645cd45f56895cfe3ca3459aed9ff2d3f9aaa29ff7edf557fa7a23515a3725 \
    --hash=sha256:afd776cf1ebfc7f9aa42a09cf19feadb40a26366802d86c1fba080d8e5e74bdd \
    --hash=sha256:b335a7c958bc945e10c522c069cd6e5804f4ff20f9a744dd38e748eb602cbbda \
    --hash=sha256:b3c4817dff8cef5697f5afe5fec6bc1783994d55a68391be24cb7d80d2dbc3a6 \
    --hash=sha256:b79ee64d01d05a5476d5cceb3c27b5535e6bb84ee0f872ba60d9a8cd4d0e6579 \
    --hash=sha256:bf89e0e4a30714b357f5d46b6f20e0099d38b30d45fa68ea48589faf5f12f62d \
    --hash=sha256:c9cea5b756173bb86e2235f2f871b406a9b9d722417ae31e5391ccaef5348f2c \
    --hash=sha256:cb39ed598aaf102251483f3e4675c5dd6b289c8142210ef76ba24aae0a8f8aba \
    --hash=sha256:e036549ad14f2b414c725349cce0772ea34a7ab008e9cd67f9084e4f371d1f32 \
    --hash=sha256:e185ea07a99ce8b8edfc788c586c538c4b1351007e614ceb708fd01b095ef33e \
    --hash=sha256:e5a4d82bdb4bf1ac1285a68eab02d253ab73355d9f0fe725a97e1e0fa689decb \
    --hash=sha256:eae27ad7580529a427cfdd52c87abb2dfb15ce2b7a3e0fc29fbb63e2ed6f8120 \
    --hash=sha256:ecef029b69843b82048c5b347d8e6049356aa24ed644006c9a9d7098c3bd3bfd \
    --hash=sha256:ee3bee874cb1fadee2ff2b79fc9fc808aa638670f28b2145074538d4a6a5028e \
    --hash=sha256:f53c0d6a859b2db58332e0e6a921582a02c1677cc93d4cbb36fdf49709b327b2 \
    --hash=sha256:f9d57f1b3061b3e21476b0ad5f0397b112b94ace21d1f439f2db472e568178ae
starlette==0.45.3 \
    --hash=sha256:2cbcba2a75806f8a41c722141486f37c28e30a0921c5f6fe4346cb0dcee1302f \
    --hash=sha256:dfb6d332576f136ec740296c7e8bb8c8a7125044e7c6da30744718880cdd059d
typing-extensions==4.15.0 \
    --hash=sha256:0cea48d173cc12fa28ecabc3b837ea3cf6f38c6d1136f85cbaaf598984861466 \
    --hash=sha256:f0fa19c6845758ab08074a0cfa8b7aecb71c999ca73d62883bc25cc018c4e548
uvicorn==0.34.0 \
    --hash=sha256:023dc038422502fa28a09c7a30bf2b6991512da7dcdb8fd35fe57cfc154126f4 \
    --hash=sha256:404051050cd7e905de2c9a7e61790943440b3416f49cb409f965d9dcd0fa73e9
wrapt==2.2.2 \
    --hash=sha256:0065a3b657cec06813b4241d2462ccec287f6863103d7445b725fb3a889736f9 \
    --hash=sha256:0788e321027c999bf221b667bd4a54aaefd1a36283749a860ac3eb77daed0302 \
    --hash=sha256:07fdcb012821859168641acf68afad61ef9783cf37100af85f152550e9677194 \
    --hash=sha256:0ad520e6daa9bbf136f14de735474dbec7dcc0891f718e1d274ce8dc92e645af \
    --hash=sha256:0e7070c7472582e31af3dfc2622b2381a0df7435110a9388ed8db5ffbce67efb \
    --hash=sha256:10adb01371408c6de504a6658b9886480f1a4919a83752748a387a504a21df79 \
    --hash=sha256:1fc7691f070220215cccb2a20836b9adbaecb8ff22ad47abe63de5f110994fac \
    --hash=sha256:209112cafd963710a05d199aae431d79a28bc76eb8e6d1bbbb8ad24340722cae \
    --hash=sha256:25904acb9475f46c24fe0423dbc8fda8cc5fbc282ab3dc6e72e919748c53f4e9 \
    --hash=sha256:26fc73a1b15e0946d2942b9a4426d162b51676338327dc067ccd8d2d76385f94 \
    --hash=sha256:2cb07f414fab25dbe6b5c7398e1491423a5c81a6209533639969a6c928d474a4 \
    --hash=sha256:2e096c9d39a59b35b63c9aacfbbbec2088ff51ff1fc31051acc60a07f42f273a \
    --hash=sha256:305d4c247d61c4115794a169141823c62f719525ddb90b23aa332741c77d2c28 \
    --hash=sha256:30f7424af5c5c345b7f26490e097f74a2ef45b3d08b664dc33571aee3bd3b56c \
    --hash=sha256:3442eee2a5798f9b451f1b2cd7518ce8b7e28a2a364696c414460a0e295c012a \
    --hash=sha256:3b686cfc008776a3952d6213cb296ed7f45d782a8453936406faa89eac0835ab \
    --hash=sha256:3c4095803491f6ef72128914c28ec05bbad9758433bb35f6715a3e9c8e46fb2d \
    --hash=sha256:4b481fb0c40d9fd90a5809911208da700987d373a20a4709dc9e3944af7a6bec \
    --hash=sha256:4bccea5cdecffa9dd70e343741f0e41e0a16619313d04b72f78bb525162ebcd0 \
    --hash=sha256:518b0c5e323511ec56a38894802ddd5e1222626484e68efe63f201854ad788e5 \
    --hash=sha256:5499236ad1dc116012e2a5dd943f3f31af12fce452128e2bbcbd55a7d3d4d14c \
    --hash=sha256:55b9a899e6fff5444f229d30aa6e9ac92d2216d9d60f33c771b5d76a760d5f8e \
    --hash=sha256:5bad217350f19ce99ca5b5e71d406765ea86fe541628426772b657375ee1c048 \
    --hash=sha256:5d0a142f7af07caeb5e5da87493162a7b8efa19ba919e550a746f7446e13fb30 \
    --hash=sha256:62415fd095bc590b842b6d092f2b5d9ccbaeb7e0b28535c03dcea2718b48636b \
    --hash=sha256:6c99012a22f735a85eed7c4b86a3e99c30fdd57d9e115b2b45f796264b58d0bf \
    --hash=sha256:6d1a6050405bf334be33bf66296f113563622972a34900ae6fa60fd283a1a900 \
    --hash=sha256:8417fd3c674d3c8023d080292d29301531a12daf8bd938dd419710dd2f464f2b \
    --hash=sha256:8636809939152be6ae20a6cef0fed9fe60f411b47847d0426a826884b469e971 \
    --hash=sha256:94b00b00f806eb3ef2abe9049ed45994a81ee9284884d96e6b8314927c6cea3d \
    --hash=sha256:9e8b648270c613720a202d9a45ebabc33261b22c3a839b115ac5bce8c0bb0d69 \
    --hash=sha256:a2d78c363f97d8bd718ee40432c66395685e9e98528ccaa423c3355d1715a26d \
    --hash=sha256:a41e758d80dc0ab8c210f641ac892009d356cf1f955d97db544c8dd317b4d14c \
    --hash=sha256:abf8c20a2d72ee69e16328b3c91342c446e723bfe48bfcc4dded3b9722ac027f \
    --hash=sha256:b84cd4058001c9727b0e9980b7a9e66325b5ca748b1b578e822cade1bc6b304f \
    --hash=sha256:c20279cd1a29800815d7b2d6338b60a6c6e78263f9d6e62e0eda251ba9cae2d0 \
    --hash=sha256:c5d7825491bfa2d08b97e9557768987952c7b9ae687d06c3320b40a37ccb7f20 \
    --hash=sha256:c6c64c5d02578bc4c4bca4f0aef1504de933c1d5b4ac2710b9131111459506c8 \
    --hash=sha256:d619e1eed9bd4f6ed9f24cd61971aa086fa86505289628d464bcf8a2c2e3f328 \
    --hash=sha256:e5a5290e4bf2f332fc29ce72ffb9a2fff678aaac047e2e9f5f7165cd7792e099 \
    --hash=sha256:e6fb7e94e8fe3e4c3067bb1653a91cce7c5e83acc119fdd41501b1bf74654617 \
    --hash=sha256:ec8f83949028366531383603139403cac7a826e4011955813cdd640017845ce5 \
    --hash=sha256:ef2cce266b5b0b07e19fa82e59673b81142b7a3607c8ed1254113d048ed668da \
    --hash=sha256:f1a2ff355ece6a111ca7a20dc86df6659c9205d3fcee674ca34f2a2854fd4e73 \
    --hash=sha256:f90038ab58fafb584801ca62d72384d7d5225d93c76f7b773c22fae545bd8066 \
    --hash=sha256:fb18fc51e813df0d9c98049e3bf2298a5495a648602040e21fa3c7329371159e
